
Microsoft Visual Studio Solution File, Format Version 12.00
# Visual Studio Version 17
VisualStudioVersion = 17.6.33723.286
MinimumVisualStudioVersion = 10.0.40219.1
Project("{8BC9CEB8-8B4A-11D0-8D11-00A0C91BC942}") = "JuliaSetAsm", "JuliaSetAsm\JuliaSetAsm.vcxproj", "{F5A44BED-43C4-4E31-B5A0-730F759C1CC5}"
EndProject
Project("{FAE04EC0-301F-11D3-BF4B-00C04F79EFBC}") = "JuliaSetC#", "JuliaSetC#\JuliaSetC#.csproj", "{8C256465-8882-44BE-AEDA-F351D890C753}"
	ProjectSection(ProjectDependencies) = postProject
		{F5A44BED-43C4-4E31-B5A0-730F759C1CC5} = {F5A44BED-43C4-4E31-B5A0-730F759C1CC5}
	EndProjectSection
EndProject
Project("{8BC9CEB8-8B4A-11D0-8D11-00A0C91BC942}") = "JuliaSetCPP", "JuliaSetCPP\JuliaSetCPP.vcxproj", "{1DB977DD-FE05-44A7-9B05-635624C814A3}"
EndProject
Global
	GlobalSection(SolutionConfigurationPlatforms) = preSolution
		Debug|Any CPU = Debug|Any CPU
		Debug|x64 = Debug|x64
		Debug|x86 = Debug|x86
		Release|Any CPU = Release|Any CPU
		Release|x64 = Release|x64
		Release|x86 = Release|x86
	EndGlobalSection
	GlobalSection(ProjectConfigurationPlatforms) = postSolution
		{F5A44BED-43C4-4E31-B5A0-730F759C1CC5}.Debug|Any CPU.ActiveCfg = Debug|x64
		{F5A44BED-43C4-4E31-B5A0-730F759C1CC5}.Debug|Any CPU.Build.0 = Debug|x64
		{F5A44BED-43C4-4E31-B5A0-730F759C1CC5}.Debug|x64.ActiveCfg = Debug|x64
		{F5A44BED-43C4-4E31-B5A0-730F759C1CC5}.Debug|x64.Build.0 = Debug|x64
		{F5A44BED-43C4-4E31-B5A0-730F759C1CC5}.Debug|x86.ActiveCfg = Debug|Win32
		{F5A44BED-43C4-4E31-B5A0-730F759C1CC5}.Debug|x86.Build.0 = Debug|Win32
		{F5A44BED-43C4-4E31-B5A0-730F759C1CC5}.Release|Any CPU.ActiveCfg = Release|x64
		{F5A44BED-43C4-4E31-B5A0-730F759C1CC5}.Release|Any CPU.Build.0 = Release|x64
		{F5A44BED-43C4-4E31-B5A0-730F759C1CC5}.Release|x64.ActiveCfg = Release|x64
		{F5A44BED-43C4-4E31-B5A0-730F759C1CC5}.Release|x64.Build.0 = Release|x64
		{F5A44BED-43C4-4E31-B5A0-730F759C1CC5}.Release|x86.ActiveCfg = Release|Win32
		{F5A44BED-43C4-4E31-B5A0-730F759C1CC5}.Release|x86.Build.0 = Release|Win32
		{8C256465-8882-44BE-AEDA-F351D890C753}.Debug|Any CPU.ActiveCfg = Debug|x64
		{8C256465-8882-44BE-AEDA-F351D890C753}.Debug|Any CPU.Build.0 = Debug|x64
		{8C256465-8882-44BE-AEDA-F351D890C753}.Debug|x64.ActiveCfg = Debug|x64
		{8C256465-8882-44BE-AEDA-F351D890C753}.Debug|x64.Build.0 = Debug|x64
		{8C256465-8882-44BE-AEDA-F351D890C753}.Debug|x86.ActiveCfg = Debug|Any CPU
		{8C256465-8882-44BE-AEDA-F351D890C753}.Debug|x86.Build.0 = Debug|Any CPU
		{8C256465-8882-44BE-AEDA-F351D890C753}.Release|Any CPU.ActiveCfg = Release|Any CPU
		{8C256465-8882-44BE-AEDA-F351D890C753}.Release|Any CPU.Build.0 = Release|Any CPU
		{8C256465-8882-44BE-AEDA-F351D890C753}.Release|x64.ActiveCfg = Release|x64
		{8C256465-8882-44BE-AEDA-F351D890C753}.Release|x64.Build.0 = Release|x64
		{8C256465-8882-44BE-AEDA-F351D890C753}.Release|x86.ActiveCfg = Release|Any CPU
		{8C256465-8882-44BE-AEDA-F351D890C753}.Release|x86.Build.0 = Release|Any CPU
		{1DB977DD-FE05-44A7-9B05-635624C814A3}.Debug|Any CPU.ActiveCfg = Debug|x64
		{1DB977DD-FE05-44A7-9B05-635624C814A3}.Debug|Any CPU.Build.0 = Debug|x64
		{1DB977DD-FE05-44A7-9B05-635624C814A3}.Debug|x64.ActiveCfg = Debug|x64
		{1DB977DD-FE05-44A7-9B05-635624C814A3}.Debug|x64.Build.0 = Debug|x64
		{1DB977DD-FE05-44A7-9B05-635624C814A3}.Debug|x86.ActiveCfg = Debug|Win32
		{1DB977DD-FE05-44A7-9B05-635624C814A3}.Debug|x86.Build.0 = Debug|Win32
		{1DB977DD-FE05-44A7-9B05-635624C814A3}.Release|Any CPU.ActiveCfg = Release|x64
		{1DB977DD-FE05-44A7-9B05-635624C814A3}.Release|Any CPU.Build.0 = Release|x64
		{1DB977DD-FE05-44A7-9B05-635624C814A3}.Release|x64.ActiveCfg = Release|x64
		{1DB977DD-FE05-44A7-9B05-635624C814A3}.Release|x64.Build.0 = Release|x64
		{1DB977DD-FE05-44A7-9B05-635624C814A3}.Release|x86.ActiveCfg = Release|Win32
		{1DB977DD-FE05-44A7-9B05-635624C814A3}.Release|x86.Build.0 = Release|Win32
	EndGlobalSection
	GlobalSection(SolutionProperties) = preSolution
		HideSolutionNode = FALSE
	EndGlobalSection
	GlobalSection(ExtensibilityGlobals) = postSolution
		SolutionGuid = {4874E055-8A9C-4E3A-A24C-A0F5E5A4F0F1}
	EndGlobalSection
EndGlobal
